
Microsoft Visual Studio Solution File, Format Version 12.00
# Visual Studio Version 17
VisualStudioVersion = 17.5.33414.496
MinimumVisualStudioVersion = 10.0.40219.1
Project("{9A19103F-16F7-4668-BE54-9A1E7A4F7556}") = "Timeliner.Net", "Timeliner.Net\Timeliner.Net.csproj", "{C3C0FC0F-D371-4061-83AE-A944C8DE6D53}"
EndProject
Global
	GlobalSection(SolutionConfigurationPlatforms) = preSolution
		Debug|Any CPU = Debug|Any CPU
		Release|Any CPU = Release|Any CPU
	EndGlobalSection
	GlobalSection(ProjectConfigurationPlatforms) = postSolution
		{C3C0FC0F-D371-4061-83AE-A944C8DE6D53}.Debug|Any CPU.ActiveCfg = Debug|Any CPU
		{C3C0FC0F-D371-4061-83AE-A944C8DE6D53}.Debug|Any CPU.Build.0 = Debug|Any CPU
		{C3C0FC0F-D371-4061-83AE-A944C8DE6D53}.Release|Any CPU.ActiveCfg = Release|Any CPU
		{C3C0FC0F-D371-4061-83AE-A944C8DE6D53}.Release|Any CPU.Build.0 = Release|Any CPU
	EndGlobalSection
	GlobalSection(SolutionProperties) = preSolution
		HideSolutionNode = FALSE
	EndGlobalSection
	GlobalSection(ExtensibilityGlobals) = postSolution
		SolutionGuid = {7AACA557-2CAA-42F1-8BCD-6DFF326B361E}
	EndGlobalSection
EndGlobal
